
Microsoft Visual Studio Solution File, Format Version 12.00
# Visual Studio Version 16
VisualStudioVersion = 16.0.31624.102
MinimumVisualStudioVersion = 10.0.40219.1
Project("{9A19103F-16F7-4668-BE54-9A1E7A4F7556}") = "PlanningPokerUi", "PlanningPokerUi\PlanningPokerUi.csproj", "{78897322-F5B5-4997-9910-EE6CA3454E98}"
EndProject
Global
	GlobalSection(SolutionConfigurationPlatforms) = preSolution
		Debug|Any CPU = Debug|Any CPU
		Release|Any CPU = Release|Any CPU
	EndGlobalSection
	GlobalSection(ProjectConfigurationPlatforms) = postSolution
		{78897322-F5B5-4997-9910-EE6CA3454E98}.Debug|Any CPU.ActiveCfg = Debug|Any CPU
		{78897322-F5B5-4997-9910-EE6CA3454E98}.Debug|Any CPU.Build.0 = Debug|Any CPU
		{78897322-F5B5-4997-9910-EE6CA3454E98}.Release|Any CPU.ActiveCfg = Release|Any CPU
		{78897322-F5B5-4997-9910-EE6CA3454E98}.Release|Any CPU.Build.0 = Release|Any CPU
	EndGlobalSection
	GlobalSection(SolutionProperties) = preSolution
		HideSolutionNode = FALSE
	EndGlobalSection
	GlobalSection(ExtensibilityGlobals) = postSolution
		SolutionGuid = {FF289BBD-9C3E-4B18-9B23-12D6CEBD2AE4}
	EndGlobalSection
EndGlobal
